
Microsoft Visual Studio Solution File, Format Version 12.00
# Visual Studio 15
VisualStudioVersion = 15.0.28307.329
MinimumVisualStudioVersion = 10.0.40219.1
Project("{FAE04EC0-301F-11D3-BF4B-00C04F79EFBC}") = "MVCRockers", "MVCRockers\MVCRockers.csproj", "{B1F3D54C-83D2-4525-80B9-5DC8CE0BCD61}"
EndProject
Project("{FAE04EC0-301F-11D3-BF4B-00C04F79EFBC}") = "MVCRockers.Tests", "MVCRockers.Tests\MVCRockers.Tests.csproj", "{97E6CD45-BBD0-492B-A515-770DD9730956}"
EndProject
Global
	GlobalSection(SolutionConfigurationPlatforms) = preSolution
		Debug|Any CPU = Debug|Any CPU
		Release|Any CPU = Release|Any CPU
	EndGlobalSection
	GlobalSection(ProjectConfigurationPlatforms) = postSolution
		{B1F3D54C-83D2-4525-80B9-5DC8CE0BCD61}.Debug|Any CPU.ActiveCfg = Debug|Any CPU
		{B1F3D54C-83D2-4525-80B9-5DC8CE0BCD61}.Debug|Any CPU.Build.0 = Debug|Any CPU
		{B1F3D54C-83D2-4525-80B9-5DC8CE0BCD61}.Release|Any CPU.ActiveCfg = Release|Any CPU
		{B1F3D54C-83D2-4525-80B9-5DC8CE0BCD61}.Release|Any CPU.Build.0 = Release|Any CPU
		{97E6CD45-BBD0-492B-A515-770DD9730956}.Debug|Any CPU.ActiveCfg = Debug|Any CPU
		{97E6CD45-BBD0-492B-A515-770DD9730956}.Debug|Any CPU.Build.0 = Debug|Any CPU
		{97E6CD45-BBD0-492B-A515-770DD9730956}.Release|Any CPU.ActiveCfg = Release|Any CPU
		{97E6CD45-BBD0-492B-A515-770DD9730956}.Release|Any CPU.Build.0 = Release|Any CPU
	EndGlobalSection
	GlobalSection(SolutionProperties) = preSolution
		HideSolutionNode = FALSE
	EndGlobalSection
	GlobalSection(ExtensibilityGlobals) = postSolution
		SolutionGuid = {8CC4F7C6-BA50-4C63-8976-8474944F2465}
	EndGlobalSection
EndGlobal
